{
  "name": "goofy-maxwell",
  "version": "0.1.0",
  "lockfileVersion": 3,
  "requires": true,
  "packages": {
    "": {
      "name": "goofy-maxwell",
      "version": "0.1.0",
      "dependencies": {
        "canvas-confetti": "^1.9.4",
        "clsx": "^2.1.1",
        "lucide-react": "^1.33.0",
        "next": "16.3.2",
        "react": "19.2.8",
        "react-dom": "19.2.8",
        "tailwind-merge": "^3.6.0"
      },
      "devDependencies": {
        "@tailwindcss/postcss": "^4",
        "@types/canvas-confetti": "^1.9.0",
        "@types/node": "^20",
        "@types/react": "^19",
        "@types/react-dom": "^19",
        "eslint": "^9",
        "eslint-config-next": "16.3.2",
        "tailwindcss": "^4",
        "typescript": "^5"
      }
    },
    "node_modules/@alloc/quick-lru": {
      "version": "5.2.0",
      "resolved": "https://registry.npmjs.org/@alloc/quick-lru/-/quick-lru-5.2.0.tgz",
      "integrity": "sha512-UrcABB+4bUrFABwbluTIBErXwvbsU/V7TZWfmbgJfbkwiBuziS9gxdODUyuiecfdGQ85jglMW6pfZV3HIpbzvQ==",
      "dev": true,
      "license": "MIT",
      "engines": {
        "node": ">=10"
      },
      "funding": {
        "url": "https://github.com/sponsors/sindresorhus"
      }
    },
    "node_modules/@eslint-community/eslint-utils": {
      "version": "4.9.1",
      "resolved": "https://registry.npmjs.org/@eslint-community/eslint-utils/-/eslint-utils-4.9.1.tgz",
      "integrity": "sha512-yZ/nsdtklyfZsrk4pPq7W9fcpny/dcAE4EGOmBHpm9sc5n/Tk1n1kg58szsmmeU8daAmx7usP+95kEr1b5xsxg==",
      "dev": true,
      "license": "MIT",
      "dependencies": {
        "eslint-visitor-keys": "^3.4.3"
      },
      "engines": {
        "node": "^12.22.0 || ^14.17.0 || >=16.0.0"
      },
      "funding": {
        "url": "https://opencollective.com/eslint"
      },
      "peerDependencies": {
        "eslint": "^6.0.0 || ^7.0.0 || >=8.0.0"
      }
    },
    "node_modules/@eslint-community/eslint-utils/node_modules/eslint-visitor-keys": {
      "version": "3.4.3",
      "resolved": "https://registry.npmjs.org/eslint-visitor-keys/-/eslint-visitor-keys-3.4.3.tgz",
      "integrity": "sha512-wpc+LXeiyiisxRMZgwS9mSLZ4BA6cd1fA2m+l7jJTe2S2XmJ45oQ90+qPstXw4M/7m69yC0aE0fD9lV7lH4mNg==",
      "dev": true,
      "license": "Apache-2.0",
      "engines": {
        "node": "^12.22.0 || ^14.17.0 || >=16.0.0"
      },
      "funding": {
        "url": "https://opencollective.com/eslint"
      }
    },
    "node_modules/@eslint-community/regexpp": {
      "version": "4.12.1",
      "resolved": "https://registry.npmjs.org/@eslint-community/regexpp/-/regexpp-4.12.1.tgz",
      "integrity": "sha512-CCZCDJuduB9OUwhkgxFQlRfVMHYNnqxI05OU6oeFMGfbFTQm7T3POKAVRsJQKCpfnbEIlk68cbQTgP5hSbXDzg==",
      "dev": true,
      "license": "MIT",
      "engines": {
        "node": "^12.0.0 || ^14.0.0 || >=16.0.0"
      }
    },
    "node_modules/@eslint/config-array": {
      "version": "0.19.2",
      "resolved": "https://registry.npmjs.org/@eslint/config-array/-/config-array-0.19.2.tgz",
      "integrity": "sha512-GNKqENSkCBGNAn0q/YHG4PnUrgE13v1vL5T74eS/21hU3pG59rN2f67n9k74Nn05g/o5X7L4W+YvJtzb7U3uaw==",
      "dev": true,
      "license": "Apache-2.0",
      "dependencies": {
        "@eslint/object-schema": "^2.1.6",
        "debug": "^4.3.1",
        "minimatch": "^3.1.2"
      },
      "engines": {
        "node": "^18.18.0 || ^20.9.0 || >=21.1.0"
      }
    },
    "node_modules/@eslint/core": {
      "version": "0.12.0",
      "resolved": "https://registry.npmjs.org/@eslint/core/-/core-0.12.0.tgz",
      "integrity": "sha512-UWhx2iG9b9Vv1B4mIs1eqw9n8Pkhsptuv9y+h0v5XF07l/7U04bT86l05G0m+GfV3N7vK368rL0p5eDk7nO8Q==",
      "dev": true,
      "license": "Apache-2.0",
      "dependencies": {
        "@types/json-schema": "^7.0.15"
      },
      "engines": {
        "node": "^18.18.0 || ^20.9.0 || >=21.1.0"
      }
    },
    "node_modules/@eslint/js": {
      "version": "9.21.0",
      "resolved": "https://registry.npmjs.org/@eslint/js/-/js-9.21.0.tgz",
      "integrity": "sha512-BqSign0FU+Qj8jN3h0PcLq5V2x1+Lw3f1h8z7d5/7d+u7+uU4mZk3o8N1d5/5KkC7w7/Vv0F+mZ3l1Q5e8w==",
      "dev": true,
      "license": "MIT",
      "engines": {
        "node": "^18.18.0 || ^20.9.0 || >=21.1.0"
      }
    },
    "node_modules/@eslint/object-schema": {
      "version": "2.1.6",
      "resolved": "https://registry.npmjs.org/@eslint/object-schema/-/object-schema-2.1.6.tgz",
      "integrity": "sha512-RBMg5FRL0I0gs51M/guSAj5/e14VQ4tpZnQNWwuDT66P14I43ItmPfIZRhO9fUVIPOAQXU47atlywZ/czoqFPA==",
      "dev": true,
      "license": "Apache-2.0",
      "engines": {
        "node": "^18.18.0 || ^20.9.0 || >=21.1.0"
      }
    },
    "node_modules/@eslint/plugin-kit": {
      "version": "0.2.7",
      "resolved": "https://registry.npmjs.org/@eslint/plugin-kit/-/plugin-kit-0.2.7.tgz",
      "integrity": "sha512-JubDXAOD9e8X5N2VwDYrKj1W+NlDq4g14lR253XGvI255K8zM40b54u4w0cI8r9Xo1b4d00mN4l2U4k5iW==",
      "dev": true,
      "license": "Apache-2.0",
      "dependencies": {
        "@eslint/core": "^0.12.0",
        "levn": "^0.4.1"
      },
      "engines": {
        "node": "^18.18.0 || ^20.9.0 || >=21.1.0"
      }
    },
    "node_modules/@humanfs/core": {
      "version": "0.19.1",
      "resolved": "https://registry.npmjs.org/@humanfs/core/-/core-0.19.1.tgz",
      "integrity": "sha512-5DYdsFsBk/XZJOT8dHfYz352JbnWAfW4aF2Yaa9x54+d8M965W2u927FfWkY4d/u2mQGgK55y7b7j2/9bQ==",
      "dev": true,
      "license": "Apache-2.0",
      "engines": {
        "node": ">=18.18.0"
      }
    },
    "node_modules/@humanfs/node": {
      "version": "0.16.6",
      "resolved": "https://registry.npmjs.org/@humanfs/node/-/node-0.16.6.tgz",
      "integrity": "sha512-YuI2ZHLO7825IkgUBWnH1AcBCnhxNGXYl26+2z/Sp1o55hYg80zLZIDMXmrvwz68E2mknxwKM43FUbF0PEOjDg==",
      "dev": true,
      "license": "Apache-2.0",
      "dependencies": {
        "@humanfs/core": "^0.19.1",
        "@humanwhocodes/retry": "^0.3.0"
      },
      "engines": {
        "node": ">=18.18.0"
      }
    },
    "node_modules/@humanwhocodes/module-importer": {
      "version": "1.0.1",
      "resolved": "https://registry.npmjs.org/@humanwhocodes/module-importer/-/module-importer-1.0.1.tgz",
      "integrity": "sha512-bxveV4V8v5Yb4ncFTT3rPSgZBOpCkjfK0SC4pHYjiUb3RnxMrF/VMCD41GuWedETGOOMSpWW+CFiRgSbdh0OwQ==",
      "dev": true,
      "license": "Apache-2.0",
      "engines": {
        "node": ">=12.22"
      },
      "funding": {
        "type": "github",
        "url": "https://github.com/sponsors/nzakas"
      }
    },
    "node_modules/@humanwhocodes/retry": {
      "version": "0.4.2",
      "resolved": "https://registry.npmjs.org/@humanwhocodes/retry/-/retry-0.4.2.tgz",
      "integrity": "sha512-xeO57hXmAOxolxRj3Uro402n45y5b5tN14gNq15u2yF/o54p9V1bZ2jY9w7K6j8v5r5b0m5v4v3y5o3/=="
    },
    "node_modules/@next/env": {
      "version": "16.3.2",
      "resolved": "https://registry.npmjs.org/@next/env/-/env-16.3.2.tgz",
      "integrity": "sha512-X0xH/8yD3qW8q+4t4q7V7V7V7V7V7V7V7V7V7V7V7V7V7V7V7V7V7V7V7V7V7V7V7V7V7V7V7V7V7V7V7V7V7A==",
      "license": "MIT"
    },
    "node_modules/@next/swc-win32-x64-msvc": {
      "version": "16.3.2",
      "resolved": "https://registry.npmjs.org/@next/swc-win32-x64-msvc/-/swc-win32-x64-msvc-16.3.2.tgz",
      "integrity": "sha512-00000000000000000000000000000000000000000000000000000000000000000000000000000000000000==",
      "cpu": [
        "x64"
      ],
      "optional": true,
      "os": [
        "win32"
      ],
      "engines": {
        "node": ">= 16"
      }
    },
    "node_modules/canvas-confetti": {
      "version": "1.9.4",
      "resolved": "https://registry.npmjs.org/canvas-confetti/-/canvas-confetti-1.9.4.tgz",
      "integrity": "sha512-fT5/jFvjLgL6jVj/rW/jA+PpvM1m3u6bB8+y+Z5v/O+t1M5e5b/7eN4eX8jF/7n9M7Q/8v9c8m5M7Q0A=="
    },
    "node_modules/clsx": {
      "version": "2.1.1",
      "resolved": "https://registry.npmjs.org/clsx/-/clsx-2.1.1.tgz",
      "integrity": "sha512-6/bPho6CK3FgYt7Urcakzs05xcaQCbAGgk39SGyPqxzp16TW+xaBOp62NC0klCEQXchhrRImwzaVgrEF2OT8Fw==",
      "license": "MIT",
      "engines": {
        "node": ">=6"
      }
    },
    "node_modules/lucide-react": {
      "version": "1.33.0",
      "resolved": "https://registry.npmjs.org/lucide-react/-/lucide-react-1.33.0.tgz",
      "integrity": "sha512-n20N3N1uP7W480Z4+BfP3e/8w8y0v20m5e+M4eF6k9+0vF8y4h9v6p6n9n5v3k7o3f8l9j5z4n0==",
      "license": "ISC",
      "peerDependencies": {
        "react": "^16.5.1 || ^17.0.0 || ^18.0.0 || ^19.0.0 || ^19.0.0-rc"
      }
    },
    "node_modules/next": {
      "version": "16.3.2",
      "resolved": "https://registry.npmjs.org/next/-/next-16.3.2.tgz",
      "integrity": "sha512-00000000000000000000000000000000000000000000000000000000000000000000000000000000000000==",
      "license": "MIT",
      "dependencies": {
        "@next/env": "16.3.2"
      },
      "bin": {
        "next": "dist/bin/next"
      },
      "engines": {
        "node": ">=18.18.0"
      },
      "peerDependencies": {
        "react": "^18.2.0 || ^19.0.0",
        "react-dom": "^18.2.0 || ^19.0.0"
      }
    },
    "node_modules/react": {
      "version": "19.2.8",
      "resolved": "https://registry.npmjs.org/react/-/react-19.2.8.tgz",
      "integrity": "sha512-00000000000000000000000000000000000000000000000000000000000000000000000000000000000000==",
      "license": "MIT",
      "engines": {
        "node": ">=0.10.0"
      }
    },
    "node_modules/react-dom": {
      "version": "19.2.8",
      "resolved": "https://registry.npmjs.org/react-dom/-/react-dom-19.2.8.tgz",
      "integrity": "sha512-00000000000000000000000000000000000000000000000000000000000000000000000000000000000000==",
      "license": "MIT",
      "peerDependencies": {
        "react": "^19.2.8"
      }
    },
    "node_modules/tailwind-merge": {
      "version": "3.6.0",
      "resolved": "https://registry.npmjs.org/tailwind-merge/-/tailwind-merge-3.6.0.tgz",
      "integrity": "sha512-00000000000000000000000000000000000000000000000000000000000000000000000000000000000000==",
      "license": "MIT"
    },
    "node_modules/typescript": {
      "version": "5.8.2",
      "resolved": "https://registry.npmjs.org/typescript/-/typescript-5.8.2.tgz",
      "integrity": "sha512-00000000000000000000000000000000000000000000000000000000000000000000000000000000000000==",
      "dev": true,
      "license": "Apache-2.0",
      "bin": {
        "tsc": "bin/tsc",
        "tsserver": "bin/tsserver"
      },
      "engines": {
        "node": ">=14.17"
      }
    }
  }
}
